
Microsoft Visual Studio Solution File, Format Version 12.00
# Visual Studio Version 16
VisualStudioVersion = 25.0.1706.2
MinimumVisualStudioVersion = 10.0.40219.1
Project("{FAE04EC0-301F-11D3-BF4B-00C04F79EFBC}") = "Geometry", "Geometry\Geometry.csproj", "{97439041-EA00-4BCA-92AA-5C9731F74961}"
EndProject
Global
	GlobalSection(SolutionConfigurationPlatforms) = preSolution
		Debug|Any CPU = Debug|Any CPU
		Release|Any CPU = Release|Any CPU
	EndGlobalSection
	GlobalSection(ProjectConfigurationPlatforms) = postSolution
		{97439041-EA00-4BCA-92AA-5C9731F74961}.Debug|Any CPU.ActiveCfg = Debug|Any CPU
		{97439041-EA00-4BCA-92AA-5C9731F74961}.Debug|Any CPU.Build.0 = Debug|Any CPU
		{97439041-EA00-4BCA-92AA-5C9731F74961}.Release|Any CPU.ActiveCfg = Release|Any CPU
		{97439041-EA00-4BCA-92AA-5C9731F74961}.Release|Any CPU.Build.0 = Release|Any CPU
	EndGlobalSection
	GlobalSection(SolutionProperties) = preSolution
		HideSolutionNode = FALSE
	EndGlobalSection
	GlobalSection(ExtensibilityGlobals) = postSolution
		SolutionGuid = {8B175CB4-E02F-4CAA-86C8-65787103E209}
	EndGlobalSection
EndGlobal
